
Microsoft Visual Studio Solution File, Format Version 12.00
# Visual Studio Version 17
VisualStudioVersion = 17.8.34330.188
MinimumVisualStudioVersion = 10.0.40219.1
Project("{FAE04EC0-301F-11D3-BF4B-00C04F79EFBC}") = "Dash", "Dash.csproj", "{E125A1E4-A58C-4D97-ADC3-4505ADDEE96A}"
EndProject
Global
	GlobalSection(SolutionConfigurationPlatforms) = preSolution
		Debug|Any CPU = Debug|Any CPU
		Release|Any CPU = Release|Any CPU
	EndGlobalSection
	GlobalSection(ProjectConfigurationPlatforms) = postSolution
		{E125A1E4-A58C-4D97-ADC3-4505ADDEE96A}.Debug|Any CPU.ActiveCfg = Debug|Any CPU
		{E125A1E4-A58C-4D97-ADC3-4505ADDEE96A}.Debug|Any CPU.Build.0 = Debug|Any CPU
		{E125A1E4-A58C-4D97-ADC3-4505ADDEE96A}.Release|Any CPU.ActiveCfg = Release|Any CPU
		{E125A1E4-A58C-4D97-ADC3-4505ADDEE96A}.Release|Any CPU.Build.0 = Release|Any CPU
	EndGlobalSection
	GlobalSection(SolutionProperties) = preSolution
		HideSolutionNode = FALSE
	EndGlobalSection
	GlobalSection(ExtensibilityGlobals) = postSolution
		SolutionGuid = {CA119D7E-7B70-4FBF-A1EA-9F52B9E79D89}
	EndGlobalSection
EndGlobal
